
Microsoft Visual Studio Solution File, Format Version 12.00
# Visual Studio Version 16
VisualStudioVersion = 16.0.31205.134
MinimumVisualStudioVersion = 10.0.40219.1
Project("{2150E333-8FDC-42A3-9474-1A3956D46DE8}") = "Backend", "Backend", "{17CC3CFD-FD0E-4EE4-AA91-07FC512EFCAF}"
EndProject
Project("{2150E333-8FDC-42A3-9474-1A3956D46DE8}") = "Frontend", "Frontend", "{7BB2144C-32AE-41D3-87C1-AFA5C88462D7}"
EndProject
Project("{2150E333-8FDC-42A3-9474-1A3956D46DE8}") = "Shared", "Shared", "{8A9B1167-B0F5-4845-B742-324FCA5A6B7A}"
EndProject
Project("{FAE04EC0-301F-11D3-BF4B-00C04F79EFBC}") = "PWC.Business", "PWC.Business\PWC.Business.csproj", "{84E0740B-51E4-4C0C-AB4F-696B500F9CDD}"
EndProject
Project("{FAE04EC0-301F-11D3-BF4B-00C04F79EFBC}") = "PWC.Data", "PWC.Data\PWC.Data.csproj", "{A8A1E390-6B60-47F8-AED9-D4E181E19841}"
EndProject
Project("{FAE04EC0-301F-11D3-BF4B-00C04F79EFBC}") = "PWC.Repositories.EF", "PWC.Repositories.EF\PWC.Repositories.EF.csproj", "{4F82807B-4DC4-45EC-861E-21BFA8C20A37}"
EndProject
Project("{9A19103F-16F7-4668-BE54-9A1E7A4F7556}") = "PWC.UI", "PWC.UI\PWC.UI.csproj", "{60985913-85D3-4BEB-80D6-35477159B37A}"
EndProject
Project("{FAE04EC0-301F-11D3-BF4B-00C04F79EFBC}") = "PWC.Resources", "PWC.Resources\PWC.Resources.csproj", "{E0D0BE21-0224-45FC-AD03-1DFB3E1F7BF1}"
EndProject
Project("{FAE04EC0-301F-11D3-BF4B-00C04F79EFBC}") = "PWC.Infrastructure", "PWC.Infrastructure\PWC.Infrastructure.csproj", "{B83E7281-FB99-41F4-8D42-2BC70AAAD461}"
EndProject
Project("{FAE04EC0-301F-11D3-BF4B-00C04F79EFBC}") = "PWC.Common", "PWC.Common\PWC.Common.csproj", "{FEE821B9-28AA-4BFF-8FD7-BE71B055A872}"
EndProject
Project("{FAE04EC0-301F-11D3-BF4B-00C04F79EFBC}") = "PWC.Entities", "PWC.Entities\PWC.Entities.csproj", "{AF7F070D-183F-44FC-B592-86362D453954}"
EndProject
Global
	GlobalSection(SolutionConfigurationPlatforms) = preSolution
		Debug|Any CPU = Debug|Any CPU
		Release|Any CPU = Release|Any CPU
	EndGlobalSection
	GlobalSection(ProjectConfigurationPlatforms) = postSolution
		{84E0740B-51E4-4C0C-AB4F-696B500F9CDD}.Debug|Any CPU.ActiveCfg = Debug|Any CPU
		{84E0740B-51E4-4C0C-AB4F-696B500F9CDD}.Debug|Any CPU.Build.0 = Debug|Any CPU
		{84E0740B-51E4-4C0C-AB4F-696B500F9CDD}.Release|Any CPU.ActiveCfg = Release|Any CPU
		{84E0740B-51E4-4C0C-AB4F-696B500F9CDD}.Release|Any CPU.Build.0 = Release|Any CPU
		{A8A1E390-6B60-47F8-AED9-D4E181E19841}.Debug|Any CPU.ActiveCfg = Debug|Any CPU
		{A8A1E390-6B60-47F8-AED9-D4E181E19841}.Debug|Any CPU.Build.0 = Debug|Any CPU
		{A8A1E390-6B60-47F8-AED9-D4E181E19841}.Release|Any CPU.ActiveCfg = Release|Any CPU
		{A8A1E390-6B60-47F8-AED9-D4E181E19841}.Release|Any CPU.Build.0 = Release|Any CPU
		{4F82807B-4DC4-45EC-861E-21BFA8C20A37}.Debug|Any CPU.ActiveCfg = Debug|Any CPU
		{4F82807B-4DC4-45EC-861E-21BFA8C20A37}.Debug|Any CPU.Build.0 = Debug|Any CPU
		{4F82807B-4DC4-45EC-861E-21BFA8C20A37}.Release|Any CPU.ActiveCfg = Release|Any CPU
		{4F82807B-4DC4-45EC-861E-21BFA8C20A37}.Release|Any CPU.Build.0 = Release|Any CPU
		{60985913-85D3-4BEB-80D6-35477159B37A}.Debug|Any CPU.ActiveCfg = Debug|Any CPU
		{60985913-85D3-4BEB-80D6-35477159B37A}.Debug|Any CPU.Build.0 = Debug|Any CPU
		{60985913-85D3-4BEB-80D6-35477159B37A}.Release|Any CPU.ActiveCfg = Release|Any CPU
		{60985913-85D3-4BEB-80D6-35477159B37A}.Release|Any CPU.Build.0 = Release|Any CPU
		{E0D0BE21-0224-45FC-AD03-1DFB3E1F7BF1}.Debug|Any CPU.ActiveCfg = Debug|Any CPU
		{E0D0BE21-0224-45FC-AD03-1DFB3E1F7BF1}.Debug|Any CPU.Build.0 = Debug|Any CPU
		{E0D0BE21-0224-45FC-AD03-1DFB3E1F7BF1}.Release|Any CPU.ActiveCfg = Release|Any CPU
		{E0D0BE21-0224-45FC-AD03-1DFB3E1F7BF1}.Release|Any CPU.Build.0 = Release|Any CPU
		{B83E7281-FB99-41F4-8D42-2BC70AAAD461}.Debug|Any CPU.ActiveCfg = Debug|Any CPU
		{B83E7281-FB99-41F4-8D42-2BC70AAAD461}.Debug|Any CPU.Build.0 = Debug|Any CPU
		{B83E7281-FB99-41F4-8D42-2BC70AAAD461}.Release|Any CPU.ActiveCfg = Release|Any CPU
		{B83E7281-FB99-41F4-8D42-2BC70AAAD461}.Release|Any CPU.Build.0 = Release|Any CPU
		{FEE821B9-28AA-4BFF-8FD7-BE71B055A872}.Debug|Any CPU.ActiveCfg = Debug|Any CPU
		{FEE821B9-28AA-4BFF-8FD7-BE71B055A872}.Debug|Any CPU.Build.0 = Debug|Any CPU
		{FEE821B9-28AA-4BFF-8FD7-BE71B055A872}.Release|Any CPU.ActiveCfg = Release|Any CPU
		{FEE821B9-28AA-4BFF-8FD7-BE71B055A872}.Release|Any CPU.Build.0 = Release|Any CPU
		{AF7F070D-183F-44FC-B592-86362D453954}.Debug|Any CPU.ActiveCfg = Debug|Any CPU
		{AF7F070D-183F-44FC-B592-86362D453954}.Debug|Any CPU.Build.0 = Debug|Any CPU
		{AF7F070D-183F-44FC-B592-86362D453954}.Release|Any CPU.ActiveCfg = Release|Any CPU
		{AF7F070D-183F-44FC-B592-86362D453954}.Release|Any CPU.Build.0 = Release|Any CPU
	EndGlobalSection
	GlobalSection(SolutionProperties) = preSolution
		HideSolutionNode = FALSE
	EndGlobalSection
	GlobalSection(NestedProjects) = preSolution
		{84E0740B-51E4-4C0C-AB4F-696B500F9CDD} = {17CC3CFD-FD0E-4EE4-AA91-07FC512EFCAF}
		{A8A1E390-6B60-47F8-AED9-D4E181E19841} = {17CC3CFD-FD0E-4EE4-AA91-07FC512EFCAF}
		{4F82807B-4DC4-45EC-861E-21BFA8C20A37} = {17CC3CFD-FD0E-4EE4-AA91-07FC512EFCAF}
		{60985913-85D3-4BEB-80D6-35477159B37A} = {7BB2144C-32AE-41D3-87C1-AFA5C88462D7}
		{E0D0BE21-0224-45FC-AD03-1DFB3E1F7BF1} = {8A9B1167-B0F5-4845-B742-324FCA5A6B7A}
		{B83E7281-FB99-41F4-8D42-2BC70AAAD461} = {8A9B1167-B0F5-4845-B742-324FCA5A6B7A}
		{FEE821B9-28AA-4BFF-8FD7-BE71B055A872} = {8A9B1167-B0F5-4845-B742-324FCA5A6B7A}
		{AF7F070D-183F-44FC-B592-86362D453954} = {8A9B1167-B0F5-4845-B742-324FCA5A6B7A}
	EndGlobalSection
	GlobalSection(ExtensibilityGlobals) = postSolution
		SolutionGuid = {39ED4CC7-470D-43AA-949A-17BF5A204279}
	EndGlobalSection
EndGlobal
